PODS:
  - Flutter (1.0.0)
  - OpenTok (2.20.1)
  - "permission_handler (5.1.0+2)":
    - Flutter
  - vonage (0.0.1):
    - Flutter
    - OpenTok

DEPENDENCIES:
  - Flutter (from `Flutter`)
  - OpenTok
  - permission_handler (from `.symlinks/plugins/permission_handler/ios`)
  - vonage (from `.symlinks/plugins/vonage/ios`)

SPEC REPOS:
  trunk:
    - OpenTok

EXTERNAL SOURCES:
  Flutter:
    :path: Flutter
  permission_handler:
    :path: ".symlinks/plugins/permission_handler/ios"
  vonage:
    :path: ".symlinks/plugins/vonage/ios"

SPEC CHECKSUMS:
  Flutter: 434fef37c0980e73bb6479ef766c45957d4b510c
  OpenTok: 62dd91a1297816f61a5e5c91e6ff4ecdffa77364
  permission_handler: ccb20a9fad0ee9b1314a52b70b76b473c5f8dab0
  vonage: df279b6082050d71453b91c10b4c9263c1b778eb

PODFILE CHECKSUM: 16c88b22f44cc827e04bea0546ae44dc08b942ec

COCOAPODS: 1.10.1
